
Microsoft Visual Studio Solution File, Format Version 12.00
# Visual Studio 15
VisualStudioVersion = 15.0.28307.1062
MinimumVisualStudioVersion = 10.0.40219.1
Project("{FAE04EC0-301F-11D3-BF4B-00C04F79EFBC}") = "MinerV2", "MinerV2\MinerV2.csproj", "{4A262754-E45A-4A57-8E04-9DCF75D5D2C1}"
EndProject
Global
	GlobalSection(SolutionConfigurationPlatforms) = preSolution
		Debug|Any CPU = Debug|Any CPU
		Release|Any CPU = Release|Any CPU
	EndGlobalSection
	GlobalSection(ProjectConfigurationPlatforms) = postSolution
		{4A262754-E45A-4A57-8E04-9DCF75D5D2C1}.Debug|Any CPU.ActiveCfg = Debug|Any CPU
		{4A262754-E45A-4A57-8E04-9DCF75D5D2C1}.Debug|Any CPU.Build.0 = Debug|Any CPU
		{4A262754-E45A-4A57-8E04-9DCF75D5D2C1}.Release|Any CPU.ActiveCfg = Release|Any CPU
		{4A262754-E45A-4A57-8E04-9DCF75D5D2C1}.Release|Any CPU.Build.0 = Release|Any CPU
	EndGlobalSection
	GlobalSection(SolutionProperties) = preSolution
		HideSolutionNode = FALSE
	EndGlobalSection
	GlobalSection(ExtensibilityGlobals) = postSolution
		SolutionGuid = {0A349859-8FCC-41BB-A5AF-E391293B3424}
	EndGlobalSection
EndGlobal
